
Microsoft Visual Studio Solution File, Format Version 12.00
# Visual Studio Version 17
VisualStudioVersion = 17.4.33213.308
MinimumVisualStudioVersion = 10.0.40219.1
Project("{FAE04EC0-301F-11D3-BF4B-00C04F79EFBC}") = "WebDriverTask", "WebDriverTask\WebDriverTask.csproj", "{6DD4ADB9-5818-4945-89E2-AC3F0CF5B98F}"
EndProject
Global
	GlobalSection(SolutionConfigurationPlatforms) = preSolution
		Debug|Any CPU = Debug|Any CPU
		Release|Any CPU = Release|Any CPU
	EndGlobalSection
	GlobalSection(ProjectConfigurationPlatforms) = postSolution
		{6DD4ADB9-5818-4945-89E2-AC3F0CF5B98F}.Debug|Any CPU.ActiveCfg = Debug|Any CPU
		{6DD4ADB9-5818-4945-89E2-AC3F0CF5B98F}.Debug|Any CPU.Build.0 = Debug|Any CPU
		{6DD4ADB9-5818-4945-89E2-AC3F0CF5B98F}.Release|Any CPU.ActiveCfg = Release|Any CPU
		{6DD4ADB9-5818-4945-89E2-AC3F0CF5B98F}.Release|Any CPU.Build.0 = Release|Any CPU
	EndGlobalSection
	GlobalSection(SolutionProperties) = preSolution
		HideSolutionNode = FALSE
	EndGlobalSection
	GlobalSection(ExtensibilityGlobals) = postSolution
		SolutionGuid = {E4B47CD8-C9AA-45E1-A281-5B5CA6CD8259}
	EndGlobalSection
EndGlobal
